
Microsoft Visual Studio Solution File, Format Version 12.00
# Visual Studio Version 17
VisualStudioVersion = 17.6.33815.320
MinimumVisualStudioVersion = 10.0.40219.1
Project("{9A19103F-16F7-4668-BE54-9A1E7A4F7556}") = "TableCsv", "TableCsv.csproj", "{A9B0A8D2-2828-4BAC-8912-0424DC2848B8}"
EndProject
Project("{9A19103F-16F7-4668-BE54-9A1E7A4F7556}") = "Table", "..\..\Table\Table\Table.csproj", "{29353A10-DB7C-49F6-B5CA-7A3C8C7A73F8}"
EndProject
Global
	GlobalSection(SolutionConfigurationPlatforms) = preSolution
		Debug|Any CPU = Debug|Any CPU
		Release|Any CPU = Release|Any CPU
	EndGlobalSection
	GlobalSection(ProjectConfigurationPlatforms) = postSolution
		{A9B0A8D2-2828-4BAC-8912-0424DC2848B8}.Debug|Any CPU.ActiveCfg = Debug|Any CPU
		{A9B0A8D2-2828-4BAC-8912-0424DC2848B8}.Debug|Any CPU.Build.0 = Debug|Any CPU
		{A9B0A8D2-2828-4BAC-8912-0424DC2848B8}.Release|Any CPU.ActiveCfg = Release|Any CPU
		{A9B0A8D2-2828-4BAC-8912-0424DC2848B8}.Release|Any CPU.Build.0 = Release|Any CPU
		{29353A10-DB7C-49F6-B5CA-7A3C8C7A73F8}.Debug|Any CPU.ActiveCfg = Debug|Any CPU
		{29353A10-DB7C-49F6-B5CA-7A3C8C7A73F8}.Debug|Any CPU.Build.0 = Debug|Any CPU
		{29353A10-DB7C-49F6-B5CA-7A3C8C7A73F8}.Release|Any CPU.ActiveCfg = Release|Any CPU
		{29353A10-DB7C-49F6-B5CA-7A3C8C7A73F8}.Release|Any CPU.Build.0 = Release|Any CPU
	EndGlobalSection
	GlobalSection(SolutionProperties) = preSolution
		HideSolutionNode = FALSE
	EndGlobalSection
	GlobalSection(ExtensibilityGlobals) = postSolution
		SolutionGuid = {CE0AD608-D5A4-4B43-AB26-470A00649ED1}
	EndGlobalSection
EndGlobal
