
Microsoft Visual Studio Solution File, Format Version 12.00
# Visual Studio Version 17
VisualStudioVersion = 17.6.33815.320
MinimumVisualStudioVersion = 10.0.40219.1
Project("{9A19103F-16F7-4668-BE54-9A1E7A4F7556}") = "TableCsv_Test", "TableCsv_Test.csproj", "{86B6CF73-510B-4A8B-9AF6-D517A1210DF0}"
EndProject
Project("{9A19103F-16F7-4668-BE54-9A1E7A4F7556}") = "Table", "..\..\Table\Table\Table.csproj", "{CA7302DE-3D2A-472B-9AB2-937BC92A6014}"
EndProject
Project("{9A19103F-16F7-4668-BE54-9A1E7A4F7556}") = "TableCsv", "..\TableCsv\TableCsv.csproj", "{7490416B-5BEB-4D16-9FED-36A9BCBFB837}"
EndProject
Global
	GlobalSection(SolutionConfigurationPlatforms) = preSolution
		Debug|Any CPU = Debug|Any CPU
		Release|Any CPU = Release|Any CPU
	EndGlobalSection
	GlobalSection(ProjectConfigurationPlatforms) = postSolution
		{86B6CF73-510B-4A8B-9AF6-D517A1210DF0}.Debug|Any CPU.ActiveCfg = Debug|Any CPU
		{86B6CF73-510B-4A8B-9AF6-D517A1210DF0}.Debug|Any CPU.Build.0 = Debug|Any CPU
		{86B6CF73-510B-4A8B-9AF6-D517A1210DF0}.Release|Any CPU.ActiveCfg = Release|Any CPU
		{86B6CF73-510B-4A8B-9AF6-D517A1210DF0}.Release|Any CPU.Build.0 = Release|Any CPU
		{CA7302DE-3D2A-472B-9AB2-937BC92A6014}.Debug|Any CPU.ActiveCfg = Debug|Any CPU
		{CA7302DE-3D2A-472B-9AB2-937BC92A6014}.Debug|Any CPU.Build.0 = Debug|Any CPU
		{CA7302DE-3D2A-472B-9AB2-937BC92A6014}.Release|Any CPU.ActiveCfg = Release|Any CPU
		{CA7302DE-3D2A-472B-9AB2-937BC92A6014}.Release|Any CPU.Build.0 = Release|Any CPU
		{7490416B-5BEB-4D16-9FED-36A9BCBFB837}.Debug|Any CPU.ActiveCfg = Debug|Any CPU
		{7490416B-5BEB-4D16-9FED-36A9BCBFB837}.Debug|Any CPU.Build.0 = Debug|Any CPU
		{7490416B-5BEB-4D16-9FED-36A9BCBFB837}.Release|Any CPU.ActiveCfg = Release|Any CPU
		{7490416B-5BEB-4D16-9FED-36A9BCBFB837}.Release|Any CPU.Build.0 = Release|Any CPU
	EndGlobalSection
	GlobalSection(SolutionProperties) = preSolution
		HideSolutionNode = FALSE
	EndGlobalSection
	GlobalSection(ExtensibilityGlobals) = postSolution
		SolutionGuid = {DD5D4E4B-C47E-4BDA-9BBA-FA217DF70DF1}
	EndGlobalSection
EndGlobal
